
Microsoft Visual Studio Solution File, Format Version 12.00
# Visual Studio Version 16
VisualStudioVersion = 16.0.32002.261
MinimumVisualStudioVersion = 10.0.40219.1
Project("{8BC9CEB8-8B4A-11D0-8D11-00A0C91BC942}") = "cudaSLAERelaxationMethod", "cudaSLAERelaxationMethod\cudaSLAERelaxationMethod.vcxproj", "{3F2305F0-D72D-4620-9A47-ED08D87472C3}"
EndProject
Global
	GlobalSection(SolutionConfigurationPlatforms) = preSolution
		Debug|x64 = Debug|x64
		Release|x64 = Release|x64
	EndGlobalSection
	GlobalSection(ProjectConfigurationPlatforms) = postSolution
		{3F2305F0-D72D-4620-9A47-ED08D87472C3}.Debug|x64.ActiveCfg = Debug|x64
		{3F2305F0-D72D-4620-9A47-ED08D87472C3}.Debug|x64.Build.0 = Debug|x64
		{3F2305F0-D72D-4620-9A47-ED08D87472C3}.Release|x64.ActiveCfg = Release|x64
		{3F2305F0-D72D-4620-9A47-ED08D87472C3}.Release|x64.Build.0 = Release|x64
	EndGlobalSection
	GlobalSection(SolutionProperties) = preSolution
		HideSolutionNode = FALSE
	EndGlobalSection
	GlobalSection(ExtensibilityGlobals) = postSolution
		SolutionGuid = {621ECF46-3856-41CB-9EEA-7BC66D773889}
	EndGlobalSection
EndGlobal
